PODS:
  - AudioExtension (0.1.0)

DEPENDENCIES:
  - AudioExtension (from `../AudioExtension`)

EXTERNAL SOURCES:
  AudioExtension:
    :path: "../AudioExtension"

SPEC CHECKSUMS:
  AudioExtension: 58d848d271039efdce045dc80c2084e765ca70e0

PODFILE CHECKSUM: 640a643c339464aad2e32897d72c366dd4e62407

COCOAPODS: 1.6.1
