PODS:
  - AudioExtension (0.1.0)

DEPENDENCIES:
  - AudioExtension (from `../AudioExtension`)

EXTERNAL SOURCES:
  AudioExtension:
    :path: "../AudioExtension"

SPEC CHECKSUMS:
  AudioExtension: 662a9ba2ded74af949587b8fca2a9f3da84c4866

PODFILE CHECKSUM: 3b2b4df3d576108724de78fa49cde49f53b4cbf1

COCOAPODS: 1.6.1
