PODS:
  - AudioExtension (0.1.0)

DEPENDENCIES:
  - AudioExtension (from `../AudioExtension`)

EXTERNAL SOURCES:
  AudioExtension:
    :path: "../AudioExtension"

SPEC CHECKSUMS:
  AudioExtension: 662a9ba2ded74af949587b8fca2a9f3da84c4866

PODFILE CHECKSUM: d59e80045d469b681f838349c17ad4d040377a10

COCOAPODS: 1.6.1
