PODS:
  - AudioExtension (0.1.0)

DEPENDENCIES:
  - AudioExtension (from `../AudioExtension`)

EXTERNAL SOURCES:
  AudioExtension:
    :path: "../AudioExtension"

SPEC CHECKSUMS:
  AudioExtension: 662a9ba2ded74af949587b8fca2a9f3da84c4866

PODFILE CHECKSUM: dcfe0bb782b3988b162d29f7044eb3c14f767258

COCOAPODS: 1.6.1
