PODS:
  - AudioExtension (0.1.0)

DEPENDENCIES:
  - AudioExtension (from `../AudioExtension`)

EXTERNAL SOURCES:
  AudioExtension:
    :path: "../AudioExtension"

SPEC CHECKSUMS:
  AudioExtension: 662a9ba2ded74af949587b8fca2a9f3da84c4866

PODFILE CHECKSUM: 364d18e3bc5a50ab7a9b1f8a523a3590f59f3fea

COCOAPODS: 1.6.1
