PODS:
  - AudioExtension (0.1.0)

DEPENDENCIES:
  - AudioExtension (from `../AudioExtension`)

EXTERNAL SOURCES:
  AudioExtension:
    :path: "../AudioExtension"

SPEC CHECKSUMS:
  AudioExtension: 662a9ba2ded74af949587b8fca2a9f3da84c4866

PODFILE CHECKSUM: ff5c56d4e1e74c2b4ad1daa3e156d07610f160ab

COCOAPODS: 1.6.1
